
Microsoft Visual Studio Solution File, Format Version 12.00
# Visual Studio Version 16
VisualStudioVersion = 16.0.29509.3
MinimumVisualStudioVersion = 10.0.40219.1
Project("{FAE04EC0-301F-11D3-BF4B-00C04F79EFBC}") = "HTKTennisClub.GUI", "HTKTennisClub.GUI\HTKTennisClub.GUI.csproj", "{69C10360-6297-41D2-A16C-0B525896E5DC}"
EndProject
Project("{FAE04EC0-301F-11D3-BF4B-00C04F79EFBC}") = "HTKTennisClub.Entities", "HTKTennisClub.Entities\HTKTennisClub.Entities.csproj", "{BEB1DC65-6527-4703-9EF4-12428DABFA52}"
EndProject
Project("{FAE04EC0-301F-11D3-BF4B-00C04F79EFBC}") = "HTKTennisClub.DAL", "HTKTennisClub.DAL\HTKTennisClub.DAL.csproj", "{89C93489-5F04-4EA1-9F3B-F44E3AB7A0C3}"
EndProject
Global
	GlobalSection(SolutionConfigurationPlatforms) = preSolution
		Debug|Any CPU = Debug|Any CPU
		Release|Any CPU = Release|Any CPU
	EndGlobalSection
	GlobalSection(ProjectConfigurationPlatforms) = postSolution
		{69C10360-6297-41D2-A16C-0B525896E5DC}.Debug|Any CPU.ActiveCfg = Debug|Any CPU
		{69C10360-6297-41D2-A16C-0B525896E5DC}.Debug|Any CPU.Build.0 = Debug|Any CPU
		{69C10360-6297-41D2-A16C-0B525896E5DC}.Release|Any CPU.ActiveCfg = Release|Any CPU
		{69C10360-6297-41D2-A16C-0B525896E5DC}.Release|Any CPU.Build.0 = Release|Any CPU
		{BEB1DC65-6527-4703-9EF4-12428DABFA52}.Debug|Any CPU.ActiveCfg = Debug|Any CPU
		{BEB1DC65-6527-4703-9EF4-12428DABFA52}.Debug|Any CPU.Build.0 = Debug|Any CPU
		{BEB1DC65-6527-4703-9EF4-12428DABFA52}.Release|Any CPU.ActiveCfg = Release|Any CPU
		{BEB1DC65-6527-4703-9EF4-12428DABFA52}.Release|Any CPU.Build.0 = Release|Any CPU
		{89C93489-5F04-4EA1-9F3B-F44E3AB7A0C3}.Debug|Any CPU.ActiveCfg = Debug|Any CPU
		{89C93489-5F04-4EA1-9F3B-F44E3AB7A0C3}.Debug|Any CPU.Build.0 = Debug|Any CPU
		{89C93489-5F04-4EA1-9F3B-F44E3AB7A0C3}.Release|Any CPU.ActiveCfg = Release|Any CPU
		{89C93489-5F04-4EA1-9F3B-F44E3AB7A0C3}.Release|Any CPU.Build.0 = Release|Any CPU
	EndGlobalSection
	GlobalSection(SolutionProperties) = preSolution
		HideSolutionNode = FALSE
	EndGlobalSection
	GlobalSection(ExtensibilityGlobals) = postSolution
		SolutionGuid = {1F0240D7-47A6-4B05-A993-2B2FAD72AB36}
	EndGlobalSection
EndGlobal
